
Microsoft Visual Studio Solution File, Format Version 12.00
# Visual Studio Version 17
VisualStudioVersion = 17.7.34024.191
MinimumVisualStudioVersion = 10.0.40219.1
Project("{FAE04EC0-301F-11D3-BF4B-00C04F79EFBC}") = "mesWebSample", "mesWebSample\mesWebSample.csproj", "{7C362CE2-17AF-415F-9559-41EA97B57E5D}"
EndProject
Global
	GlobalSection(SolutionConfigurationPlatforms) = preSolution
		Debug|Any CPU = Debug|Any CPU
		Release|Any CPU = Release|Any CPU
	EndGlobalSection
	GlobalSection(ProjectConfigurationPlatforms) = postSolution
		{7C362CE2-17AF-415F-9559-41EA97B57E5D}.Debug|Any CPU.ActiveCfg = Debug|Any CPU
		{7C362CE2-17AF-415F-9559-41EA97B57E5D}.Debug|Any CPU.Build.0 = Debug|Any CPU
		{7C362CE2-17AF-415F-9559-41EA97B57E5D}.Release|Any CPU.ActiveCfg = Release|Any CPU
		{7C362CE2-17AF-415F-9559-41EA97B57E5D}.Release|Any CPU.Build.0 = Release|Any CPU
	EndGlobalSection
	GlobalSection(SolutionProperties) = preSolution
		HideSolutionNode = FALSE
	EndGlobalSection
	GlobalSection(ExtensibilityGlobals) = postSolution
		SolutionGuid = {5113657D-3289-482A-8F16-4C8311CAC01E}
	EndGlobalSection
EndGlobal
