
Microsoft Visual Studio Solution File, Format Version 12.00
# Visual Studio Version 17
VisualStudioVersion = 17.7.34024.191
MinimumVisualStudioVersion = 10.0.40219.1
Project("{9A19103F-16F7-4668-BE54-9A1E7A4F7556}") = "mesWeb", "mesWeb\mesWeb.csproj", "{58658D00-4EA1-4D8D-A61C-D40224239DCA}"
EndProject
Project("{FAE04EC0-301F-11D3-BF4B-00C04F79EFBC}") = "WebTest", "WebTest\WebTest.csproj", "{BD1CA4D5-8F27-4498-86EE-3D91B9AF0B9B}"
EndProject
Global
	GlobalSection(SolutionConfigurationPlatforms) = preSolution
		Debug|Any CPU = Debug|Any CPU
		Release|Any CPU = Release|Any CPU
	EndGlobalSection
	GlobalSection(ProjectConfigurationPlatforms) = postSolution
		{58658D00-4EA1-4D8D-A61C-D40224239DCA}.Debug|Any CPU.ActiveCfg = Debug|Any CPU
		{58658D00-4EA1-4D8D-A61C-D40224239DCA}.Debug|Any CPU.Build.0 = Debug|Any CPU
		{58658D00-4EA1-4D8D-A61C-D40224239DCA}.Release|Any CPU.ActiveCfg = Release|Any CPU
		{58658D00-4EA1-4D8D-A61C-D40224239DCA}.Release|Any CPU.Build.0 = Release|Any CPU
		{BD1CA4D5-8F27-4498-86EE-3D91B9AF0B9B}.Debug|Any CPU.ActiveCfg = Debug|Any CPU
		{BD1CA4D5-8F27-4498-86EE-3D91B9AF0B9B}.Debug|Any CPU.Build.0 = Debug|Any CPU
		{BD1CA4D5-8F27-4498-86EE-3D91B9AF0B9B}.Release|Any CPU.ActiveCfg = Release|Any CPU
		{BD1CA4D5-8F27-4498-86EE-3D91B9AF0B9B}.Release|Any CPU.Build.0 = Release|Any CPU
	EndGlobalSection
	GlobalSection(SolutionProperties) = preSolution
		HideSolutionNode = FALSE
	EndGlobalSection
	GlobalSection(ExtensibilityGlobals) = postSolution
		SolutionGuid = {5113657D-3289-482A-8F16-4C8311CAC01E}
	EndGlobalSection
EndGlobal
